
Microsoft Visual Studio Solution File, Format Version 12.00
# Visual Studio Version 17
VisualStudioVersion = 17.14.36212.18 d17.14
MinimumVisualStudioVersion = 10.0.40219.1
Project("{FAE04EC0-301F-11D3-BF4B-00C04F79EFBC}") = "grammar", "grammar\grammar.csproj", "{DA1706C2-C954-4193-8A64-F6ADE129072C}"
EndProject
Project("{FAE04EC0-301F-11D3-BF4B-00C04F79EFBC}") = "grammar.UnitTests", "grammar.UnitTests\grammar.UnitTests.csproj", "{CF12905F-3BAC-4E40-9631-AE6A78059AE5}"
EndProject
Global
	GlobalSection(SolutionConfigurationPlatforms) = preSolution
		Debug|Any CPU = Debug|Any CPU
		Release|Any CPU = Release|Any CPU
	EndGlobalSection
	GlobalSection(ProjectConfigurationPlatforms) = postSolution
		{DA1706C2-C954-4193-8A64-F6ADE129072C}.Debug|Any CPU.ActiveCfg = Debug|Any CPU
		{DA1706C2-C954-4193-8A64-F6ADE129072C}.Debug|Any CPU.Build.0 = Debug|Any CPU
		{DA1706C2-C954-4193-8A64-F6ADE129072C}.Release|Any CPU.ActiveCfg = Release|Any CPU
		{DA1706C2-C954-4193-8A64-F6ADE129072C}.Release|Any CPU.Build.0 = Release|Any CPU
		{CF12905F-3BAC-4E40-9631-AE6A78059AE5}.Debug|Any CPU.ActiveCfg = Debug|Any CPU
		{CF12905F-3BAC-4E40-9631-AE6A78059AE5}.Debug|Any CPU.Build.0 = Debug|Any CPU
		{CF12905F-3BAC-4E40-9631-AE6A78059AE5}.Release|Any CPU.ActiveCfg = Release|Any CPU
		{CF12905F-3BAC-4E40-9631-AE6A78059AE5}.Release|Any CPU.Build.0 = Release|Any CPU
	EndGlobalSection
	GlobalSection(SolutionProperties) = preSolution
		HideSolutionNode = FALSE
	EndGlobalSection
	GlobalSection(ExtensibilityGlobals) = postSolution
		SolutionGuid = {8FBA6973-2ADF-4A88-806B-B8FB5CC8F311}
	EndGlobalSection
EndGlobal
